# This file is automatically @generated by Poetry 1.8.3 and should not be changed by hand.

[[package]]
name = "exifread"
version = "3.0.0"
description = "Read Exif metadata from tiff and jpeg files."
optional = false
python-versions = "*"
files = [
    {file = "ExifRead-3.0.0-py3-none-any.whl", hash = "sha256:2c5c59ef03b3bbee75b82b82d2498006b3c13509f35c9a76c7552faff73fa2d5"},
    {file = "ExifRead-3.0.0.tar.gz", hash = "sha256:0ac5a364169dbdf2bd62f94f5c073970ab6694a3166177f5e448b10c943e2ca4"},
]

[package.extras]
dev = ["mypy (==0.950)", "pylint (==2.13.8)"]

[[package]]
name = "hachoir"
version = "3.3.0"
description = "Package of Hachoir parsers used to open binary files"
optional = false
python-versions = "*"
files = [
    {file = "hachoir-3.3.0-py3-none-any.whl", hash = "sha256:9f721af67867d933383398b9605bc388db25f55dde1034d2bfde91f05e5d9910"},
    {file = "hachoir-3.3.0.tar.gz", hash = "sha256:fd7679f649c17ee45ab2ba5eacddc702c667ea5200c0a1fd063d4615fa7270d2"},
]

[package.extras]
urwid = ["urwid (==1.3.1)"]
wx = ["wxPython (==4.*)"]

[metadata]
lock-version = "2.0"
python-versions = "^3.12"
content-hash = "3ceb4ba03598d03613bafc41251d03bb444db5173c4c6342ad55c1b2da5e576b"
